
Microsoft Visual Studio Solution File, Format Version 12.00
# Visual Studio Version 16
VisualStudioVersion = 16.0.33214.272
MinimumVisualStudioVersion = 10.0.40219.1
Project("{FAE04EC0-301F-11D3-BF4B-00C04F79EFBC}") = "Business", "Business\Business.csproj", "{93A58FDD-DE1C-45D6-867D-4D1E828D788B}"
EndProject
Project("{FAE04EC0-301F-11D3-BF4B-00C04F79EFBC}") = "DataAccess", "DataAccess\DataAccess.csproj", "{24ED6D07-B6EE-4853-9BA9-02A70E426B54}"
EndProject
Project("{FAE04EC0-301F-11D3-BF4B-00C04F79EFBC}") = "Core", "Core\Core.csproj", "{C3258080-FC2C-4EC4-A438-B20B0E89B02E}"
EndProject
Project("{FAE04EC0-301F-11D3-BF4B-00C04F79EFBC}") = "Entities", "Entities\Entities.csproj", "{2227EF3D-1B4A-4606-B5EB-BFA9714515D3}"
EndProject
Project("{FAE04EC0-301F-11D3-BF4B-00C04F79EFBC}") = "WebAPI", "WebAPI\WebAPI.csproj", "{D67D04C0-79BC-44BD-A509-9E93F7534437}"
EndProject
Global
	GlobalSection(SolutionConfigurationPlatforms) = preSolution
		Debug|Any CPU = Debug|Any CPU
		Release|Any CPU = Release|Any CPU
	EndGlobalSection
	GlobalSection(ProjectConfigurationPlatforms) = postSolution
		{93A58FDD-DE1C-45D6-867D-4D1E828D788B}.Debug|Any CPU.ActiveCfg = Debug|Any CPU
		{93A58FDD-DE1C-45D6-867D-4D1E828D788B}.Debug|Any CPU.Build.0 = Debug|Any CPU
		{93A58FDD-DE1C-45D6-867D-4D1E828D788B}.Release|Any CPU.ActiveCfg = Release|Any CPU
		{93A58FDD-DE1C-45D6-867D-4D1E828D788B}.Release|Any CPU.Build.0 = Release|Any CPU
		{24ED6D07-B6EE-4853-9BA9-02A70E426B54}.Debug|Any CPU.ActiveCfg = Debug|Any CPU
		{24ED6D07-B6EE-4853-9BA9-02A70E426B54}.Debug|Any CPU.Build.0 = Debug|Any CPU
		{24ED6D07-B6EE-4853-9BA9-02A70E426B54}.Release|Any CPU.ActiveCfg = Release|Any CPU
		{24ED6D07-B6EE-4853-9BA9-02A70E426B54}.Release|Any CPU.Build.0 = Release|Any CPU
		{C3258080-FC2C-4EC4-A438-B20B0E89B02E}.Debug|Any CPU.ActiveCfg = Debug|Any CPU
		{C3258080-FC2C-4EC4-A438-B20B0E89B02E}.Debug|Any CPU.Build.0 = Debug|Any CPU
		{C3258080-FC2C-4EC4-A438-B20B0E89B02E}.Release|Any CPU.ActiveCfg = Release|Any CPU
		{C3258080-FC2C-4EC4-A438-B20B0E89B02E}.Release|Any CPU.Build.0 = Release|Any CPU
		{2227EF3D-1B4A-4606-B5EB-BFA9714515D3}.Debug|Any CPU.ActiveCfg = Debug|Any CPU
		{2227EF3D-1B4A-4606-B5EB-BFA9714515D3}.Debug|Any CPU.Build.0 = Debug|Any CPU
		{2227EF3D-1B4A-4606-B5EB-BFA9714515D3}.Release|Any CPU.ActiveCfg = Release|Any CPU
		{2227EF3D-1B4A-4606-B5EB-BFA9714515D3}.Release|Any CPU.Build.0 = Release|Any CPU
		{D67D04C0-79BC-44BD-A509-9E93F7534437}.Debug|Any CPU.ActiveCfg = Debug|Any CPU
		{D67D04C0-79BC-44BD-A509-9E93F7534437}.Debug|Any CPU.Build.0 = Debug|Any CPU
		{D67D04C0-79BC-44BD-A509-9E93F7534437}.Release|Any CPU.ActiveCfg = Release|Any CPU
		{D67D04C0-79BC-44BD-A509-9E93F7534437}.Release|Any CPU.Build.0 = Release|Any CPU
	EndGlobalSection
	GlobalSection(SolutionProperties) = preSolution
		HideSolutionNode = FALSE
	EndGlobalSection
	GlobalSection(ExtensibilityGlobals) = postSolution
		SolutionGuid = {D16C5136-7BCE-4F4E-BD10-B848908536E9}
	EndGlobalSection
EndGlobal
